
Microsoft Visual Studio Solution File, Format Version 12.00
# Visual Studio Version 17
VisualStudioVersion = 17.9.34728.123
MinimumVisualStudioVersion = 10.0.40219.1
Project("{FAE04EC0-301F-11D3-BF4B-00C04F79EFBC}") = "OnlineShop.API", "OnlineShop.API\OnlineShop.API.csproj", "{144E875E-FF64-499B-9718-740AFBBF2069}"
EndProject
Global
	GlobalSection(SolutionConfigurationPlatforms) = preSolution
		Debug|Any CPU = Debug|Any CPU
		Release|Any CPU = Release|Any CPU
	EndGlobalSection
	GlobalSection(ProjectConfigurationPlatforms) = postSolution
		{144E875E-FF64-499B-9718-740AFBBF2069}.Debug|Any CPU.ActiveCfg = Debug|Any CPU
		{144E875E-FF64-499B-9718-740AFBBF2069}.Debug|Any CPU.Build.0 = Debug|Any CPU
		{144E875E-FF64-499B-9718-740AFBBF2069}.Release|Any CPU.ActiveCfg = Release|Any CPU
		{144E875E-FF64-499B-9718-740AFBBF2069}.Release|Any CPU.Build.0 = Release|Any CPU
	EndGlobalSection
	GlobalSection(SolutionProperties) = preSolution
		HideSolutionNode = FALSE
	EndGlobalSection
	GlobalSection(ExtensibilityGlobals) = postSolution
		SolutionGuid = {BB744229-B573-4D00-BEFB-33B0CD2E2594}
	EndGlobalSection
EndGlobal
